
Microsoft Visual Studio Solution File, Format Version 12.00
# Visual Studio Version 16
VisualStudioVersion = 16.0.29920.165
MinimumVisualStudioVersion = 10.0.40219.1
Project("{FAE04EC0-301F-11D3-BF4B-00C04F79EFBC}") = "ClassLibrary1", "ClassLibrary1\ClassLibrary1.csproj", "{FDE94332-D871-427F-BD0F-00CA957DEB65}"
EndProject
Project("{FAE04EC0-301F-11D3-BF4B-00C04F79EFBC}") = "XUnitTestProject1.Tests", "XUnitTestProject1.Tests\XUnitTestProject1.Tests.csproj", "{D3573039-CD36-4B2F-A275-2C5053C55978}"
EndProject
Global
	GlobalSection(SolutionConfigurationPlatforms) = preSolution
		Debug|Any CPU = Debug|Any CPU
		Release|Any CPU = Release|Any CPU
	EndGlobalSection
	GlobalSection(ProjectConfigurationPlatforms) = postSolution
		{FDE94332-D871-427F-BD0F-00CA957DEB65}.Debug|Any CPU.ActiveCfg = Debug|Any CPU
		{FDE94332-D871-427F-BD0F-00CA957DEB65}.Debug|Any CPU.Build.0 = Debug|Any CPU
		{FDE94332-D871-427F-BD0F-00CA957DEB65}.Release|Any CPU.ActiveCfg = Release|Any CPU
		{FDE94332-D871-427F-BD0F-00CA957DEB65}.Release|Any CPU.Build.0 = Release|Any CPU
		{D3573039-CD36-4B2F-A275-2C5053C55978}.Debug|Any CPU.ActiveCfg = Debug|Any CPU
		{D3573039-CD36-4B2F-A275-2C5053C55978}.Debug|Any CPU.Build.0 = Debug|Any CPU
		{D3573039-CD36-4B2F-A275-2C5053C55978}.Release|Any CPU.ActiveCfg = Release|Any CPU
		{D3573039-CD36-4B2F-A275-2C5053C55978}.Release|Any CPU.Build.0 = Release|Any CPU
	EndGlobalSection
	GlobalSection(SolutionProperties) = preSolution
		HideSolutionNode = FALSE
	EndGlobalSection
	GlobalSection(ExtensibilityGlobals) = postSolution
		SolutionGuid = {DEABD23B-6EB9-429E-8CB4-B2DD5CDA132E}
	EndGlobalSection
EndGlobal
